
Microsoft Visual Studio Solution File, Format Version 12.00
# Visual Studio Version 17
VisualStudioVersion = 17.11.35327.3
MinimumVisualStudioVersion = 10.0.40219.1
Project("{FAE04EC0-301F-11D3-BF4B-00C04F79EFBC}") = "TodoApiProject", "TodoApiProject.csproj", "{CD0118F0-45FF-4187-95FC-1D0DD4A2391A}"
EndProject
Project("{FAE04EC0-301F-11D3-BF4B-00C04F79EFBC}") = "TodoApi.Tests", "..\TodoApi.Tests\TodoApi.Tests.csproj", "{4E14FA09-9FCA-423F-859D-B7BF1F7C4E19}"
EndProject
Project("{FAE04EC0-301F-11D3-BF4B-00C04F79EFBC}") = "TodoApi.IntegrationTests", "..\TodoApi.IntegrationTests\TodoApi.IntegrationTests.csproj", "{0E852000-7530-45F5-BDF9-F20AEC14E04A}"
EndProject
Global
	GlobalSection(SolutionConfigurationPlatforms) = preSolution
		Debug|Any CPU = Debug|Any CPU
		Release|Any CPU = Release|Any CPU
	EndGlobalSection
	GlobalSection(ProjectConfigurationPlatforms) = postSolution
		{CD0118F0-45FF-4187-95FC-1D0DD4A2391A}.Debug|Any CPU.ActiveCfg = Debug|Any CPU
		{CD0118F0-45FF-4187-95FC-1D0DD4A2391A}.Debug|Any CPU.Build.0 = Debug|Any CPU
		{CD0118F0-45FF-4187-95FC-1D0DD4A2391A}.Release|Any CPU.ActiveCfg = Release|Any CPU
		{CD0118F0-45FF-4187-95FC-1D0DD4A2391A}.Release|Any CPU.Build.0 = Release|Any CPU
		{4E14FA09-9FCA-423F-859D-B7BF1F7C4E19}.Debug|Any CPU.ActiveCfg = Debug|Any CPU
		{4E14FA09-9FCA-423F-859D-B7BF1F7C4E19}.Debug|Any CPU.Build.0 = Debug|Any CPU
		{4E14FA09-9FCA-423F-859D-B7BF1F7C4E19}.Release|Any CPU.ActiveCfg = Release|Any CPU
		{4E14FA09-9FCA-423F-859D-B7BF1F7C4E19}.Release|Any CPU.Build.0 = Release|Any CPU
		{0E852000-7530-45F5-BDF9-F20AEC14E04A}.Debug|Any CPU.ActiveCfg = Debug|Any CPU
		{0E852000-7530-45F5-BDF9-F20AEC14E04A}.Debug|Any CPU.Build.0 = Debug|Any CPU
		{0E852000-7530-45F5-BDF9-F20AEC14E04A}.Release|Any CPU.ActiveCfg = Release|Any CPU
		{0E852000-7530-45F5-BDF9-F20AEC14E04A}.Release|Any CPU.Build.0 = Release|Any CPU
	EndGlobalSection
	GlobalSection(SolutionProperties) = preSolution
		HideSolutionNode = FALSE
	EndGlobalSection
	GlobalSection(ExtensibilityGlobals) = postSolution
		SolutionGuid = {10D0BC8D-2910-4475-A3C2-C7EFDBCE1777}
	EndGlobalSection
EndGlobal
